<?xml version="1.0" encoding="utf-8"?>
<Project ToolsVersion="4.0" xmlns="http://schemas.microsoft.com/developer/msbuild/2003">
  <ItemGroup>
    <Filter Include="Objects">
      <UniqueIdentifier>{21458689-ad5d-49ec-bec1-0efbfe9b3333}</UniqueIdentifier>
    </Filter>
    <Filter Include="Scenes">
      <UniqueIdentifier>{d41dc2c9-575b-400f-a725-3da637e643df}</UniqueIdentifier>
    </Filter>
    <Filter Include="Main">
      <UniqueIdentifier>{c0ff4f90-4dc5-447f-8eee-778469937183}</UniqueIdentifier>
    </Filter>
  </ItemGroup>
  <ItemGroup>
    <ClCompile Include="FPSCounter.cpp">
      <Filter>Objects</Filter>
    </ClCompile>
    <ClCompile Include="gameObject.cpp">
      <Filter>Objects</Filter>
    </ClCompile>
    <ClCompile Include="scene.cpp">
      <Filter>Scenes</Filter>
    </ClCompile>
    <ClCompile Include="spriteObject.cpp">
      <Filter>Objects</Filter>
    </ClCompile>
    <ClCompile Include="main.cpp">
      <Filter>Main</Filter>
    </ClCompile>
    <ClCompile Include="sceneManager.cpp">
      <Filter>Scenes</Filter>
    </ClCompile>
    <ClCompile Include="textObject.cpp">
      <Filter>Objects</Filter>
    </ClCompile>
    <ClCompile Include="utils.cpp">
      <Filter>Main</Filter>
    </ClCompile>
  </ItemGroup>
  <ItemGroup>
    <ClInclude Include="FPSCounter.hpp">
      <Filter>Objects</Filter>
    </ClInclude>
    <ClInclude Include="gameObject.hpp">
      <Filter>Objects</Filter>
    </ClInclude>
    <ClInclude Include="scene.hpp">
      <Filter>Scenes</Filter>
    </ClInclude>
    <ClInclude Include="spriteObject.hpp">
      <Filter>Objects</Filter>
    </ClInclude>
    <ClInclude Include="sceneManager.hpp">
      <Filter>Scenes</Filter>
    </ClInclude>
    <ClInclude Include="textObject.hpp">
      <Filter>Objects</Filter>
    </ClInclude>
    <ClInclude Include="utils.hpp">
      <Filter>Main</Filter>
    </ClInclude>
  </ItemGroup>
  <ItemGroup>
    <Font Include="Assets\Roboto-Regular.ttf" />
  </ItemGroup>
</Project>