<?xml version="1.0" encoding="utf-8"?>
<Project ToolsVersion="4.0" xmlns="http://schemas.microsoft.com/developer/msbuild/2003">
  <ItemGroup>
    <Filter Include="Source Files">
      <UniqueIdentifier>{4FC737F1-C7A5-4376-A066-2A32D752A2FF}</UniqueIdentifier>
      <Extensions>cpp;c;cc;cxx;c++;cppm;ixx;def;odl;idl;hpj;bat;asm;asmx</Extensions>
    </Filter>
    <Filter Include="Objects">
      <UniqueIdentifier>{21458689-ad5d-49ec-bec1-0efbfe9b3333}</UniqueIdentifier>
    </Filter>
    <Filter Include="Scenes">
      <UniqueIdentifier>{d41dc2c9-575b-400f-a725-3da637e643df}</UniqueIdentifier>
    </Filter>
  </ItemGroup>
  <ItemGroup>
    <ClCompile Include="main.cpp">
      <Filter>Source Files</Filter>
    </ClCompile>
    <ClCompile Include="FPSCounter.cpp">
      <Filter>Objects</Filter>
    </ClCompile>
    <ClCompile Include="gameObject.cpp">
      <Filter>Objects</Filter>
    </ClCompile>
    <ClCompile Include="scene.cpp">
      <Filter>Scenes</Filter>
    </ClCompile>
  </ItemGroup>
  <ItemGroup>
    <ClInclude Include="FPSCounter.hpp">
      <Filter>Objects</Filter>
    </ClInclude>
    <ClInclude Include="gameObject.hpp">
      <Filter>Objects</Filter>
    </ClInclude>
    <ClInclude Include="scene.hpp">
      <Filter>Scenes</Filter>
    </ClInclude>
  </ItemGroup>
  <ItemGroup>
    <Font Include="Assets\Roboto-Regular.ttf" />
  </ItemGroup>
</Project>